
Microsoft Visual Studio Solution File, Format Version 12.00
# Visual Studio Version 17
VisualStudioVersion = 17.5.002.0
MinimumVisualStudioVersion = 10.0.40219.1
Project("{9A19103F-16F7-4668-BE54-9A1E7A4F7556}") = "CaoNguyenLanAnh", "CaoNguyenLanAnh.csproj", "{30C21A2F-FEC4-4F7F-81CB-5CB629181D0C}"
EndProject
Global
	GlobalSection(SolutionConfigurationPlatforms) = preSolution
		Debug|Any CPU = Debug|Any CPU
		Release|Any CPU = Release|Any CPU
	EndGlobalSection
	GlobalSection(ProjectConfigurationPlatforms) = postSolution
		{30C21A2F-FEC4-4F7F-81CB-5CB629181D0C}.Debug|Any CPU.ActiveCfg = Debug|Any CPU
		{30C21A2F-FEC4-4F7F-81CB-5CB629181D0C}.Debug|Any CPU.Build.0 = Debug|Any CPU
		{30C21A2F-FEC4-4F7F-81CB-5CB629181D0C}.Release|Any CPU.ActiveCfg = Release|Any CPU
		{30C21A2F-FEC4-4F7F-81CB-5CB629181D0C}.Release|Any CPU.Build.0 = Release|Any CPU
	EndGlobalSection
	GlobalSection(SolutionProperties) = preSolution
		HideSolutionNode = FALSE
	EndGlobalSection
	GlobalSection(ExtensibilityGlobals) = postSolution
		SolutionGuid = {BA40246E-7DFE-43BB-87CE-73AFC0F24117}
	EndGlobalSection
EndGlobal
